dependencies:
- name: cert-manager
  repository: https://kubernetes-charts.storage.googleapis.com
  version: v0.5.0
- name: nginx-ingress
  repository: https://kubernetes-charts.storage.googleapis.com
  version: 0.29.2
- name: external-dns
  repository: https://kubernetes-charts.storage.googleapis.com
  version: 0.7.8
digest: sha256:2f19bb2f8efd7e829d963208672b4e390f1bd6988784484e17ca633be8ab3e36
generated: 2018-10-30T17:12:49.565555475-07:00
